
Microsoft Visual Studio Solution File, Format Version 12.00
# Visual Studio Version 17
VisualStudioVersion = 17.10.35027.167
MinimumVisualStudioVersion = 10.0.40219.1
Project("{9092AA53-FB77-4645-B42D-1CCCA6BD08BD}") = "News Recommendation App", "News Recommendation App.njsproj", "{7CC05963-B8DA-4D82-9364-D0D050D50AC1}"
EndProject
Global
	GlobalSection(SolutionConfigurationPlatforms) = preSolution
		Debug|Any CPU = Debug|Any CPU
		Release|Any CPU = Release|Any CPU
	EndGlobalSection
	GlobalSection(ProjectConfigurationPlatforms) = postSolution
		{7CC05963-B8DA-4D82-9364-D0D050D50AC1}.Debug|Any CPU.ActiveCfg = Debug|Any CPU
		{7CC05963-B8DA-4D82-9364-D0D050D50AC1}.Debug|Any CPU.Build.0 = Debug|Any CPU
		{7CC05963-B8DA-4D82-9364-D0D050D50AC1}.Release|Any CPU.ActiveCfg = Release|Any CPU
		{7CC05963-B8DA-4D82-9364-D0D050D50AC1}.Release|Any CPU.Build.0 = Release|Any CPU
	EndGlobalSection
	GlobalSection(SolutionProperties) = preSolution
		HideSolutionNode = FALSE
	EndGlobalSection
	GlobalSection(ExtensibilityGlobals) = postSolution
		SolutionGuid = {B892AE29-BEFA-4038-8915-7AA4F4513320}
	EndGlobalSection
EndGlobal
